
Microsoft Visual Studio Solution File, Format Version 12.00
# Visual Studio Version 17
VisualStudioVersion = 17.9.34723.18
MinimumVisualStudioVersion = 10.0.40219.1
Project("{2150E333-8FDC-42A3-9474-1A3956D46DE8}") = "Tests", "Tests", "{28BE1BA0-9A70-48E4-A61B-F11BC25BF65D}"
EndProject
Project("{2150E333-8FDC-42A3-9474-1A3956D46DE8}") = "Services", "Services", "{18BF2912-1584-4AFD-A5A7-DC5A9DC508FC}"
EndProject
Project("{2150E333-8FDC-42A3-9474-1A3956D46DE8}") = "Auth", "Auth", "{B0259CB3-EF9D-4B54-A060-70DABD2A4D7B}"
EndProject
Project("{2150E333-8FDC-42A3-9474-1A3956D46DE8}") = "Catalog", "Catalog", "{25613B47-02D9-4212-9A54-B4215D3A0532}"
EndProject
Project("{E53339B2-1760-4266-BCC7-CA923CBCF16C}") = "docker-compose", "docker-compose.dcproj", "{65C43E9E-A2AE-436B-BF61-6BC939213E38}"
EndProject
Project("{2150E333-8FDC-42A3-9474-1A3956D46DE8}") = "Cart", "Cart", "{5C88CB0D-2E17-4FBA-A07D-8B38DA701D5B}"
EndProject
Project("{2150E333-8FDC-42A3-9474-1A3956D46DE8}") = "scripts", "scripts", "{A0687238-3C20-47D4-BD3D-CBC9DF1BD638}"
EndProject
Project("{9A19103F-16F7-4668-BE54-9A1E7A4F7556}") = "Cart.WebApi", "Cart.WebApi\Cart.WebApi.csproj", "{BDF62BA1-2DF7-4F3B-8024-73B57005CAE2}"
EndProject
Project("{2150E333-8FDC-42A3-9474-1A3956D46DE8}") = "BuildingBlocks", "BuildingBlocks", "{306E7E4D-AA35-47A1-A717-82F3093CEB00}"
EndProject
Project("{FAE04EC0-301F-11D3-BF4B-00C04F79EFBC}") = "Auth.WebApi", "Auth.WebApi\Auth.WebApi.csproj", "{C375DB3D-A47E-4982-B06B-ED168B850024}"
EndProject
Project("{2150E333-8FDC-42A3-9474-1A3956D46DE8}") = "Shared", "Shared", "{89EADAEE-6A17-46F4-8F64-0F15CDFD4700}"
EndProject
Project("{FAE04EC0-301F-11D3-BF4B-00C04F79EFBC}") = "BuildBlocks.Domain", "BuildBlocks.Domain\BuildBlocks.Domain.csproj", "{F71BFF18-2F6A-4999-B419-DABDF4A21300}"
EndProject
Project("{FAE04EC0-301F-11D3-BF4B-00C04F79EFBC}") = "BuildBlocks.WebApi", "BuildBlocks.WebApi\BuildBlocks.WebApi.csproj", "{3710E322-4ACF-420F-9C48-508967CE6A85}"
EndProject
Project("{2150E333-8FDC-42A3-9474-1A3956D46DE8}") = "ApiGateways", "ApiGateways", "{2D3946CC-053C-4677-94C7-210FF6A95EA7}"
EndProject
Project("{2150E333-8FDC-42A3-9474-1A3956D46DE8}") = "Src", "Src", "{850EB6C5-BDC6-4164-9904-7AFEDFCA6103}"
EndProject
Project("{2150E333-8FDC-42A3-9474-1A3956D46DE8}") = "Order", "Order", "{ADBCB81E-7FD4-4911-94A1-F984C6DBBB9C}"
EndProject
Project("{FAE04EC0-301F-11D3-BF4B-00C04F79EFBC}") = "Getway.WebApi", "Getway.WebApi\Getway.WebApi.csproj", "{1D5B5284-FD61-4BDC-9C8F-8D1D48994399}"
EndProject
Project("{FAE04EC0-301F-11D3-BF4B-00C04F79EFBC}") = "Order.WebApi", "Order.WebApi\Order.WebApi.csproj", "{EE03E70F-AB1C-421A-9A9E-1D11FD10C7DB}"
EndProject
Project("{FAE04EC0-301F-11D3-BF4B-00C04F79EFBC}") = "Order.Domain", "Order.Domain\Order.Domain.csproj", "{2C56B864-FF48-477D-ADE0-8389DDD28EDF}"
EndProject
Project("{FAE04EC0-301F-11D3-BF4B-00C04F79EFBC}") = "Order.Application", "Order.Application\Order.Application.csproj", "{C07E0B2F-1E5B-4572-A0E8-5BCE51DFD9E3}"
EndProject
Project("{FAE04EC0-301F-11D3-BF4B-00C04F79EFBC}") = "Order.Infrastructure", "Order.Infrastructure\Order.Infrastructure.csproj", "{5A5D771F-795E-4907-A4DD-FD7505B2011E}"
EndProject
Project("{FAE04EC0-301F-11D3-BF4B-00C04F79EFBC}") = "BuildInBlocks.Messaging", "BuildInBlocks.Messaging\BuildInBlocks.Messaging.csproj", "{E8189818-79E5-4470-9A36-D62426939656}"
EndProject
Project("{2150E333-8FDC-42A3-9474-1A3956D46DE8}") = "Order", "Order", "{D99D63CC-E8AD-46C7-80C1-68DD04C36659}"
EndProject
Project("{FAE04EC0-301F-11D3-BF4B-00C04F79EFBC}") = "Order.Domain.Test", "Order.Domain.Test\Order.Domain.Test.csproj", "{81524383-3E7B-4B56-B775-BFBECB970DD7}"
EndProject
Project("{FAE04EC0-301F-11D3-BF4B-00C04F79EFBC}") = "Catalog.Api", "Catalog.Api\Catalog.Api.csproj", "{F17EFD25-AC69-430D-ABB1-3630F3BCE99F}"
EndProject
Project("{2150E333-8FDC-42A3-9474-1A3956D46DE8}") = "localstack", "localstack", "{02EA681E-C7D8-13C7-8484-4AC65E1B71E8}"
EndProject
Global
	GlobalSection(SolutionConfigurationPlatforms) = preSolution
		Debug|Any CPU = Debug|Any CPU
		newconf|Any CPU = newconf|Any CPU
		Release|Any CPU = Release|Any CPU
	EndGlobalSection
	GlobalSection(ProjectConfigurationPlatforms) = postSolution
		{65C43E9E-A2AE-436B-BF61-6BC939213E38}.Debug|Any CPU.ActiveCfg = Debug|Any CPU
		{65C43E9E-A2AE-436B-BF61-6BC939213E38}.Debug|Any CPU.Build.0 = Debug|Any CPU
		{65C43E9E-A2AE-436B-BF61-6BC939213E38}.newconf|Any CPU.ActiveCfg = Debug|Any CPU
		{65C43E9E-A2AE-436B-BF61-6BC939213E38}.newconf|Any CPU.Build.0 = Debug|Any CPU
		{65C43E9E-A2AE-436B-BF61-6BC939213E38}.Release|Any CPU.ActiveCfg = Release|Any CPU
		{65C43E9E-A2AE-436B-BF61-6BC939213E38}.Release|Any CPU.Build.0 = Release|Any CPU
		{BDF62BA1-2DF7-4F3B-8024-73B57005CAE2}.Debug|Any CPU.ActiveCfg = Debug|Any CPU
		{BDF62BA1-2DF7-4F3B-8024-73B57005CAE2}.Debug|Any CPU.Build.0 = Debug|Any CPU
		{BDF62BA1-2DF7-4F3B-8024-73B57005CAE2}.newconf|Any CPU.ActiveCfg = newconf|Any CPU
		{BDF62BA1-2DF7-4F3B-8024-73B57005CAE2}.Release|Any CPU.ActiveCfg = Release|Any CPU
		{BDF62BA1-2DF7-4F3B-8024-73B57005CAE2}.Release|Any CPU.Build.0 = Release|Any CPU
		{C375DB3D-A47E-4982-B06B-ED168B850024}.Debug|Any CPU.ActiveCfg = Debug|Any CPU
		{C375DB3D-A47E-4982-B06B-ED168B850024}.Debug|Any CPU.Build.0 = Debug|Any CPU
		{C375DB3D-A47E-4982-B06B-ED168B850024}.newconf|Any CPU.ActiveCfg = Debug|Any CPU
		{C375DB3D-A47E-4982-B06B-ED168B850024}.newconf|Any CPU.Build.0 = Debug|Any CPU
		{C375DB3D-A47E-4982-B06B-ED168B850024}.Release|Any CPU.ActiveCfg = Release|Any CPU
		{C375DB3D-A47E-4982-B06B-ED168B850024}.Release|Any CPU.Build.0 = Release|Any CPU
		{F71BFF18-2F6A-4999-B419-DABDF4A21300}.Debug|Any CPU.ActiveCfg = Debug|Any CPU
		{F71BFF18-2F6A-4999-B419-DABDF4A21300}.Debug|Any CPU.Build.0 = Debug|Any CPU
		{F71BFF18-2F6A-4999-B419-DABDF4A21300}.newconf|Any CPU.ActiveCfg = Debug|Any CPU
		{F71BFF18-2F6A-4999-B419-DABDF4A21300}.newconf|Any CPU.Build.0 = Debug|Any CPU
		{F71BFF18-2F6A-4999-B419-DABDF4A21300}.Release|Any CPU.ActiveCfg = Release|Any CPU
		{F71BFF18-2F6A-4999-B419-DABDF4A21300}.Release|Any CPU.Build.0 = Release|Any CPU
		{3710E322-4ACF-420F-9C48-508967CE6A85}.Debug|Any CPU.ActiveCfg = Debug|Any CPU
		{3710E322-4ACF-420F-9C48-508967CE6A85}.Debug|Any CPU.Build.0 = Debug|Any CPU
		{3710E322-4ACF-420F-9C48-508967CE6A85}.newconf|Any CPU.ActiveCfg = Debug|Any CPU
		{3710E322-4ACF-420F-9C48-508967CE6A85}.newconf|Any CPU.Build.0 = Debug|Any CPU
		{3710E322-4ACF-420F-9C48-508967CE6A85}.Release|Any CPU.ActiveCfg = Release|Any CPU
		{3710E322-4ACF-420F-9C48-508967CE6A85}.Release|Any CPU.Build.0 = Release|Any CPU
		{1D5B5284-FD61-4BDC-9C8F-8D1D48994399}.Debug|Any CPU.ActiveCfg = Debug|Any CPU
		{1D5B5284-FD61-4BDC-9C8F-8D1D48994399}.Debug|Any CPU.Build.0 = Debug|Any CPU
		{1D5B5284-FD61-4BDC-9C8F-8D1D48994399}.newconf|Any CPU.ActiveCfg = Debug|Any CPU
		{1D5B5284-FD61-4BDC-9C8F-8D1D48994399}.newconf|Any CPU.Build.0 = Debug|Any CPU
		{1D5B5284-FD61-4BDC-9C8F-8D1D48994399}.Release|Any CPU.ActiveCfg = Release|Any CPU
		{1D5B5284-FD61-4BDC-9C8F-8D1D48994399}.Release|Any CPU.Build.0 = Release|Any CPU
		{EE03E70F-AB1C-421A-9A9E-1D11FD10C7DB}.Debug|Any CPU.ActiveCfg = Debug|Any CPU
		{EE03E70F-AB1C-421A-9A9E-1D11FD10C7DB}.Debug|Any CPU.Build.0 = Debug|Any CPU
		{EE03E70F-AB1C-421A-9A9E-1D11FD10C7DB}.newconf|Any CPU.ActiveCfg = Debug|Any CPU
		{EE03E70F-AB1C-421A-9A9E-1D11FD10C7DB}.newconf|Any CPU.Build.0 = Debug|Any CPU
		{EE03E70F-AB1C-421A-9A9E-1D11FD10C7DB}.Release|Any CPU.ActiveCfg = Release|Any CPU
		{EE03E70F-AB1C-421A-9A9E-1D11FD10C7DB}.Release|Any CPU.Build.0 = Release|Any CPU
		{2C56B864-FF48-477D-ADE0-8389DDD28EDF}.Debug|Any CPU.ActiveCfg = Debug|Any CPU
		{2C56B864-FF48-477D-ADE0-8389DDD28EDF}.Debug|Any CPU.Build.0 = Debug|Any CPU
		{2C56B864-FF48-477D-ADE0-8389DDD28EDF}.newconf|Any CPU.ActiveCfg = Debug|Any CPU
		{2C56B864-FF48-477D-ADE0-8389DDD28EDF}.newconf|Any CPU.Build.0 = Debug|Any CPU
		{2C56B864-FF48-477D-ADE0-8389DDD28EDF}.Release|Any CPU.ActiveCfg = Release|Any CPU
		{2C56B864-FF48-477D-ADE0-8389DDD28EDF}.Release|Any CPU.Build.0 = Release|Any CPU
		{C07E0B2F-1E5B-4572-A0E8-5BCE51DFD9E3}.Debug|Any CPU.ActiveCfg = Debug|Any CPU
		{C07E0B2F-1E5B-4572-A0E8-5BCE51DFD9E3}.Debug|Any CPU.Build.0 = Debug|Any CPU
		{C07E0B2F-1E5B-4572-A0E8-5BCE51DFD9E3}.newconf|Any CPU.ActiveCfg = Debug|Any CPU
		{C07E0B2F-1E5B-4572-A0E8-5BCE51DFD9E3}.newconf|Any CPU.Build.0 = Debug|Any CPU
		{C07E0B2F-1E5B-4572-A0E8-5BCE51DFD9E3}.Release|Any CPU.ActiveCfg = Release|Any CPU
		{C07E0B2F-1E5B-4572-A0E8-5BCE51DFD9E3}.Release|Any CPU.Build.0 = Release|Any CPU
		{5A5D771F-795E-4907-A4DD-FD7505B2011E}.Debug|Any CPU.ActiveCfg = Debug|Any CPU
		{5A5D771F-795E-4907-A4DD-FD7505B2011E}.Debug|Any CPU.Build.0 = Debug|Any CPU
		{5A5D771F-795E-4907-A4DD-FD7505B2011E}.newconf|Any CPU.ActiveCfg = Debug|Any CPU
		{5A5D771F-795E-4907-A4DD-FD7505B2011E}.newconf|Any CPU.Build.0 = Debug|Any CPU
		{5A5D771F-795E-4907-A4DD-FD7505B2011E}.Release|Any CPU.ActiveCfg = Release|Any CPU
		{5A5D771F-795E-4907-A4DD-FD7505B2011E}.Release|Any CPU.Build.0 = Release|Any CPU
		{E8189818-79E5-4470-9A36-D62426939656}.Debug|Any CPU.ActiveCfg = Debug|Any CPU
		{E8189818-79E5-4470-9A36-D62426939656}.Debug|Any CPU.Build.0 = Debug|Any CPU
		{E8189818-79E5-4470-9A36-D62426939656}.newconf|Any CPU.ActiveCfg = Debug|Any CPU
		{E8189818-79E5-4470-9A36-D62426939656}.newconf|Any CPU.Build.0 = Debug|Any CPU
		{E8189818-79E5-4470-9A36-D62426939656}.Release|Any CPU.ActiveCfg = Release|Any CPU
		{E8189818-79E5-4470-9A36-D62426939656}.Release|Any CPU.Build.0 = Release|Any CPU
		{81524383-3E7B-4B56-B775-BFBECB970DD7}.Debug|Any CPU.ActiveCfg = Debug|Any CPU
		{81524383-3E7B-4B56-B775-BFBECB970DD7}.Debug|Any CPU.Build.0 = Debug|Any CPU
		{81524383-3E7B-4B56-B775-BFBECB970DD7}.newconf|Any CPU.ActiveCfg = Debug|Any CPU
		{81524383-3E7B-4B56-B775-BFBECB970DD7}.newconf|Any CPU.Build.0 = Debug|Any CPU
		{81524383-3E7B-4B56-B775-BFBECB970DD7}.Release|Any CPU.ActiveCfg = Release|Any CPU
		{81524383-3E7B-4B56-B775-BFBECB970DD7}.Release|Any CPU.Build.0 = Release|Any CPU
		{F17EFD25-AC69-430D-ABB1-3630F3BCE99F}.Debug|Any CPU.ActiveCfg = Debug|Any CPU
		{F17EFD25-AC69-430D-ABB1-3630F3BCE99F}.Debug|Any CPU.Build.0 = Debug|Any CPU
		{F17EFD25-AC69-430D-ABB1-3630F3BCE99F}.newconf|Any CPU.ActiveCfg = Debug|Any CPU
		{F17EFD25-AC69-430D-ABB1-3630F3BCE99F}.newconf|Any CPU.Build.0 = Debug|Any CPU
		{F17EFD25-AC69-430D-ABB1-3630F3BCE99F}.Release|Any CPU.ActiveCfg = Release|Any CPU
		{F17EFD25-AC69-430D-ABB1-3630F3BCE99F}.Release|Any CPU.Build.0 = Release|Any CPU
	EndGlobalSection
	GlobalSection(SolutionProperties) = preSolution
		HideSolutionNode = FALSE
	EndGlobalSection
	GlobalSection(NestedProjects) = preSolution
		{18BF2912-1584-4AFD-A5A7-DC5A9DC508FC} = {850EB6C5-BDC6-4164-9904-7AFEDFCA6103}
		{B0259CB3-EF9D-4B54-A060-70DABD2A4D7B} = {18BF2912-1584-4AFD-A5A7-DC5A9DC508FC}
		{25613B47-02D9-4212-9A54-B4215D3A0532} = {18BF2912-1584-4AFD-A5A7-DC5A9DC508FC}
		{5C88CB0D-2E17-4FBA-A07D-8B38DA701D5B} = {18BF2912-1584-4AFD-A5A7-DC5A9DC508FC}
		{A0687238-3C20-47D4-BD3D-CBC9DF1BD638} = {89EADAEE-6A17-46F4-8F64-0F15CDFD4700}
		{BDF62BA1-2DF7-4F3B-8024-73B57005CAE2} = {5C88CB0D-2E17-4FBA-A07D-8B38DA701D5B}
		{306E7E4D-AA35-47A1-A717-82F3093CEB00} = {89EADAEE-6A17-46F4-8F64-0F15CDFD4700}
		{C375DB3D-A47E-4982-B06B-ED168B850024} = {B0259CB3-EF9D-4B54-A060-70DABD2A4D7B}
		{89EADAEE-6A17-46F4-8F64-0F15CDFD4700} = {850EB6C5-BDC6-4164-9904-7AFEDFCA6103}
		{F71BFF18-2F6A-4999-B419-DABDF4A21300} = {306E7E4D-AA35-47A1-A717-82F3093CEB00}
		{3710E322-4ACF-420F-9C48-508967CE6A85} = {306E7E4D-AA35-47A1-A717-82F3093CEB00}
		{ADBCB81E-7FD4-4911-94A1-F984C6DBBB9C} = {18BF2912-1584-4AFD-A5A7-DC5A9DC508FC}
		{1D5B5284-FD61-4BDC-9C8F-8D1D48994399} = {2D3946CC-053C-4677-94C7-210FF6A95EA7}
		{EE03E70F-AB1C-421A-9A9E-1D11FD10C7DB} = {ADBCB81E-7FD4-4911-94A1-F984C6DBBB9C}
		{2C56B864-FF48-477D-ADE0-8389DDD28EDF} = {ADBCB81E-7FD4-4911-94A1-F984C6DBBB9C}
		{C07E0B2F-1E5B-4572-A0E8-5BCE51DFD9E3} = {ADBCB81E-7FD4-4911-94A1-F984C6DBBB9C}
		{5A5D771F-795E-4907-A4DD-FD7505B2011E} = {ADBCB81E-7FD4-4911-94A1-F984C6DBBB9C}
		{E8189818-79E5-4470-9A36-D62426939656} = {306E7E4D-AA35-47A1-A717-82F3093CEB00}
		{D99D63CC-E8AD-46C7-80C1-68DD04C36659} = {28BE1BA0-9A70-48E4-A61B-F11BC25BF65D}
		{81524383-3E7B-4B56-B775-BFBECB970DD7} = {D99D63CC-E8AD-46C7-80C1-68DD04C36659}
		{F17EFD25-AC69-430D-ABB1-3630F3BCE99F} = {25613B47-02D9-4212-9A54-B4215D3A0532}
		{02EA681E-C7D8-13C7-8484-4AC65E1B71E8} = {A0687238-3C20-47D4-BD3D-CBC9DF1BD638}
	EndGlobalSection
	GlobalSection(ExtensibilityGlobals) = postSolution
		SolutionGuid = {3292534D-0EA4-450B-90EB-F4BD45903FF7}
	EndGlobalSection
EndGlobal
